{
  "name": "userscript",
  "version": "0.0.0",
  "lockfileVersion": 2,
  "requires": true,
  "packages": {
    "": {
      "name": "userscript",
      "version": "0.0.0",
      "license": "ISC",
      "devDependencies": {
        "dprint": "^0.20.0"
      }
    },
    "node_modules/dprint": {
      "version": "0.20.0",
      "resolved": "https://mirrors.cloud.tencent.com/npm/dprint/-/dprint-0.20.0.tgz",
      "integrity": "sha512-Ycm3ZgTcu5g7yIX7eHEp/cALYqBnGbybEHMde2CquE+H/rxxbLM5mKpHvbAkIZnsgVyF7icmH2UIrs5iecxMIQ==",
      "dev": true,
      "hasInstallScript": true,
      "license": "MIT",
      "bin": {
        "dprint": "bin.js"
      }
    }
  },
  "dependencies": {
    "dprint": {
      "version": "0.20.0",
      "resolved": "https://mirrors.cloud.tencent.com/npm/dprint/-/dprint-0.20.0.tgz",
      "integrity": "sha512-Ycm3ZgTcu5g7yIX7eHEp/cALYqBnGbybEHMde2CquE+H/rxxbLM5mKpHvbAkIZnsgVyF7icmH2UIrs5iecxMIQ==",
      "dev": true
    }
  }
}
